
Microsoft Visual Studio Solution File, Format Version 12.00
# Visual Studio Version 16
VisualStudioVersion = 16.0.31321.278
MinimumVisualStudioVersion = 10.0.40219.1
Project("{FAE04EC0-301F-11D3-BF4B-00C04F79EFBC}") = "Swap two numbers using a temporary variable", "Swap two numbers using a temporary variable.csproj", "{B5F341D2-7C63-473C-A1F1-2DC2D63392FB}"
EndProject
Global
	GlobalSection(SolutionConfigurationPlatforms) = preSolution
		Debug|Any CPU = Debug|Any CPU
		Release|Any CPU = Release|Any CPU
	EndGlobalSection
	GlobalSection(ProjectConfigurationPlatforms) = postSolution
		{B5F341D2-7C63-473C-A1F1-2DC2D63392FB}.Debug|Any CPU.ActiveCfg = Debug|Any CPU
		{B5F341D2-7C63-473C-A1F1-2DC2D63392FB}.Debug|Any CPU.Build.0 = Debug|Any CPU
		{B5F341D2-7C63-473C-A1F1-2DC2D63392FB}.Release|Any CPU.ActiveCfg = Release|Any CPU
		{B5F341D2-7C63-473C-A1F1-2DC2D63392FB}.Release|Any CPU.Build.0 = Release|Any CPU
	EndGlobalSection
	GlobalSection(SolutionProperties) = preSolution
		HideSolutionNode = FALSE
	EndGlobalSection
	GlobalSection(ExtensibilityGlobals) = postSolution
		SolutionGuid = {3DF6FEDF-03FF-4CEA-BC8D-4DFF9AE25B35}
	EndGlobalSection
EndGlobal
